
Microsoft Visual Studio Solution File, Format Version 12.00
# Visual Studio Version 16
Project("{2150E333-8FDC-42A3-9474-1A3956D46DE8}") = "src", "src", "{8043811A-9096-4B49-9C5B-E1E0587A1136}"
EndProject
Project("{2150E333-8FDC-42A3-9474-1A3956D46DE8}") = "tests", "tests", "{9C839D6A-0D04-4671-9578-7A579DFEF162}"
EndProject
Project("{2150E333-8FDC-42A3-9474-1A3956D46DE8}") = "Solution Items", "Solution Items", "{A95922E2-6A15-4747-A3EB-5E3901C63F57}"
	ProjectSection(SolutionItems) = preProject
		docker-compose.yml = docker-compose.yml
	EndProjectSection
EndProject
Project("{2150E333-8FDC-42A3-9474-1A3956D46DE8}") = "backend", "backend", "{28254089-E265-484E-A5AE-5F47E93339DB}"
EndProject
Project("{2150E333-8FDC-42A3-9474-1A3956D46DE8}") = "frontend", "frontend", "{438BD047-8FBA-44CA-AB72-B90B74AD224E}"
EndProject
Project("{FAE04EC0-301F-11D3-BF4B-00C04F79EFBC}") = "Movies.Contracts", "src\backend\Movies.Contracts\Movies.Contracts.csproj", "{F0B53A91-E6AD-4E51-908E-E983AAFF6DF8}"
EndProject
Project("{FAE04EC0-301F-11D3-BF4B-00C04F79EFBC}") = "Movies.Application", "src\backend\Movies.Application\Movies.Application.csproj", "{90832CA1-70F4-4D02-8FB8-2A7D01AE1BF4}"
EndProject
Project("{FAE04EC0-301F-11D3-BF4B-00C04F79EFBC}") = "Movies.Api", "src\backend\Movies.Api\Movies.Api.csproj", "{8E2A0E96-E020-4AB4-8B00-4E1E5DBDD87A}"
EndProject
Project("{FAE04EC0-301F-11D3-BF4B-00C04F79EFBC}") = "Identity.Api", "src\backend\JwtGenerator\Identity.Api\Identity.Api.csproj", "{AE5AA4A0-3B9A-4C3A-BFDB-D6BBF07D8F69}"
EndProject
Project("{FAE04EC0-301F-11D3-BF4B-00C04F79EFBC}") = "BlazorSsrDynamic", "src\frontend\BlazorSsrDynamic\BlazorSsrDynamic.csproj", "{1373BBEF-57B5-4EE9-97E9-32701FB52103}"
EndProject
Project("{FAE04EC0-301F-11D3-BF4B-00C04F79EFBC}") = "BlazorSsrDynamic.Client", "src\frontend\BlazorSsrDynamic.Client\BlazorSsrDynamic.Client.csproj", "{1D09A0B4-9A17-4B55-A11E-6E4620C8AD0D}"
EndProject
Project("{FAE04EC0-301F-11D3-BF4B-00C04F79EFBC}") = "Aspire.Sample.AppHost", "src\Aspire.Sample.AppHost\Aspire.Sample.AppHost.csproj", "{A57817B0-7505-45A1-932B-4FFEFF7B8071}"
EndProject
Project("{FAE04EC0-301F-11D3-BF4B-00C04F79EFBC}") = "Aspire.Sample.ServiceDefaults", "src\Aspire.Sample.ServiceDefaults\Aspire.Sample.ServiceDefaults.csproj", "{0F322219-3BC7-49EC-B93B-1703ED75CAD6}"
EndProject
Project("{FAE04EC0-301F-11D3-BF4B-00C04F79EFBC}") = "Movies.Api.Sdk", "src\backend\Movies.Api.Sdk\Movies.Api.Sdk.csproj", "{1E2FEDDB-001E-4FA2-8B1A-9EB65FAB4C03}"
EndProject
Global
	GlobalSection(SolutionConfigurationPlatforms) = preSolution
		Debug|Any CPU = Debug|Any CPU
		Release|Any CPU = Release|Any CPU
	EndGlobalSection
	GlobalSection(NestedProjects) = preSolution
		{28254089-E265-484E-A5AE-5F47E93339DB} = {8043811A-9096-4B49-9C5B-E1E0587A1136}
		{438BD047-8FBA-44CA-AB72-B90B74AD224E} = {8043811A-9096-4B49-9C5B-E1E0587A1136}
		{F0B53A91-E6AD-4E51-908E-E983AAFF6DF8} = {28254089-E265-484E-A5AE-5F47E93339DB}
		{90832CA1-70F4-4D02-8FB8-2A7D01AE1BF4} = {28254089-E265-484E-A5AE-5F47E93339DB}
		{8E2A0E96-E020-4AB4-8B00-4E1E5DBDD87A} = {28254089-E265-484E-A5AE-5F47E93339DB}
		{AE5AA4A0-3B9A-4C3A-BFDB-D6BBF07D8F69} = {28254089-E265-484E-A5AE-5F47E93339DB}
		{1373BBEF-57B5-4EE9-97E9-32701FB52103} = {438BD047-8FBA-44CA-AB72-B90B74AD224E}
		{1D09A0B4-9A17-4B55-A11E-6E4620C8AD0D} = {438BD047-8FBA-44CA-AB72-B90B74AD224E}
		{A57817B0-7505-45A1-932B-4FFEFF7B8071} = {8043811A-9096-4B49-9C5B-E1E0587A1136}
		{0F322219-3BC7-49EC-B93B-1703ED75CAD6} = {8043811A-9096-4B49-9C5B-E1E0587A1136}
		{1E2FEDDB-001E-4FA2-8B1A-9EB65FAB4C03} = {28254089-E265-484E-A5AE-5F47E93339DB}
	EndGlobalSection
	GlobalSection(ProjectConfigurationPlatforms) = postSolution
		{F0B53A91-E6AD-4E51-908E-E983AAFF6DF8}.Debug|Any CPU.ActiveCfg = Debug|Any CPU
		{F0B53A91-E6AD-4E51-908E-E983AAFF6DF8}.Debug|Any CPU.Build.0 = Debug|Any CPU
		{F0B53A91-E6AD-4E51-908E-E983AAFF6DF8}.Release|Any CPU.ActiveCfg = Release|Any CPU
		{F0B53A91-E6AD-4E51-908E-E983AAFF6DF8}.Release|Any CPU.Build.0 = Release|Any CPU
		{90832CA1-70F4-4D02-8FB8-2A7D01AE1BF4}.Debug|Any CPU.ActiveCfg = Debug|Any CPU
		{90832CA1-70F4-4D02-8FB8-2A7D01AE1BF4}.Debug|Any CPU.Build.0 = Debug|Any CPU
		{90832CA1-70F4-4D02-8FB8-2A7D01AE1BF4}.Release|Any CPU.ActiveCfg = Release|Any CPU
		{90832CA1-70F4-4D02-8FB8-2A7D01AE1BF4}.Release|Any CPU.Build.0 = Release|Any CPU
		{8E2A0E96-E020-4AB4-8B00-4E1E5DBDD87A}.Debug|Any CPU.ActiveCfg = Debug|Any CPU
		{8E2A0E96-E020-4AB4-8B00-4E1E5DBDD87A}.Debug|Any CPU.Build.0 = Debug|Any CPU
		{8E2A0E96-E020-4AB4-8B00-4E1E5DBDD87A}.Release|Any CPU.ActiveCfg = Release|Any CPU
		{8E2A0E96-E020-4AB4-8B00-4E1E5DBDD87A}.Release|Any CPU.Build.0 = Release|Any CPU
		{AE5AA4A0-3B9A-4C3A-BFDB-D6BBF07D8F69}.Debug|Any CPU.ActiveCfg = Debug|Any CPU
		{AE5AA4A0-3B9A-4C3A-BFDB-D6BBF07D8F69}.Debug|Any CPU.Build.0 = Debug|Any CPU
		{AE5AA4A0-3B9A-4C3A-BFDB-D6BBF07D8F69}.Release|Any CPU.ActiveCfg = Release|Any CPU
		{AE5AA4A0-3B9A-4C3A-BFDB-D6BBF07D8F69}.Release|Any CPU.Build.0 = Release|Any CPU
		{1373BBEF-57B5-4EE9-97E9-32701FB52103}.Debug|Any CPU.ActiveCfg = Debug|Any CPU
		{1373BBEF-57B5-4EE9-97E9-32701FB52103}.Debug|Any CPU.Build.0 = Debug|Any CPU
		{1373BBEF-57B5-4EE9-97E9-32701FB52103}.Release|Any CPU.ActiveCfg = Release|Any CPU
		{1373BBEF-57B5-4EE9-97E9-32701FB52103}.Release|Any CPU.Build.0 = Release|Any CPU
		{1D09A0B4-9A17-4B55-A11E-6E4620C8AD0D}.Debug|Any CPU.ActiveCfg = Debug|Any CPU
		{1D09A0B4-9A17-4B55-A11E-6E4620C8AD0D}.Debug|Any CPU.Build.0 = Debug|Any CPU
		{1D09A0B4-9A17-4B55-A11E-6E4620C8AD0D}.Release|Any CPU.ActiveCfg = Release|Any CPU
		{1D09A0B4-9A17-4B55-A11E-6E4620C8AD0D}.Release|Any CPU.Build.0 = Release|Any CPU
		{A57817B0-7505-45A1-932B-4FFEFF7B8071}.Debug|Any CPU.ActiveCfg = Debug|Any CPU
		{A57817B0-7505-45A1-932B-4FFEFF7B8071}.Debug|Any CPU.Build.0 = Debug|Any CPU
		{A57817B0-7505-45A1-932B-4FFEFF7B8071}.Release|Any CPU.ActiveCfg = Release|Any CPU
		{A57817B0-7505-45A1-932B-4FFEFF7B8071}.Release|Any CPU.Build.0 = Release|Any CPU
		{0F322219-3BC7-49EC-B93B-1703ED75CAD6}.Debug|Any CPU.ActiveCfg = Debug|Any CPU
		{0F322219-3BC7-49EC-B93B-1703ED75CAD6}.Debug|Any CPU.Build.0 = Debug|Any CPU
		{0F322219-3BC7-49EC-B93B-1703ED75CAD6}.Release|Any CPU.ActiveCfg = Release|Any CPU
		{0F322219-3BC7-49EC-B93B-1703ED75CAD6}.Release|Any CPU.Build.0 = Release|Any CPU
		{1E2FEDDB-001E-4FA2-8B1A-9EB65FAB4C03}.Debug|Any CPU.ActiveCfg = Debug|Any CPU
		{1E2FEDDB-001E-4FA2-8B1A-9EB65FAB4C03}.Debug|Any CPU.Build.0 = Debug|Any CPU
		{1E2FEDDB-001E-4FA2-8B1A-9EB65FAB4C03}.Release|Any CPU.ActiveCfg = Release|Any CPU
		{1E2FEDDB-001E-4FA2-8B1A-9EB65FAB4C03}.Release|Any CPU.Build.0 = Release|Any CPU
	EndGlobalSection
EndGlobal
